// !$*UTF8*$!
{
	archiveVersion = 1;
	classes = {
	};
	objectVersion = 56;
	objects = {

/* Begin PBXBuildFile section */
		91D11FF92AEEBBC90073810E /* AppDelegate.swift in Sources */ = {isa = PBXBuildFile; fileRef = 91D11FF82AEEBBC90073810E /* AppDelegate.swift */; };
		91D11FFB2AEEBBC90073810E /* SceneDelegate.swift in Sources */ = {isa = PBXBuildFile; fileRef = 91D11FFA2AEEBBC90073810E /* SceneDelegate.swift */; };
		91D120052AEEBBC90073810E /* LaunchScreen.storyboard in Resources */ = {isa = PBXBuildFile; fileRef = 91D120032AEEBBC90073810E /* LaunchScreen.storyboard */; };
		91D120122AEEBECA0073810E /* LoginViewController.swift in Sources */ = {isa = PBXBuildFile; fileRef = 91D120112AEEBECA0073810E /* LoginViewController.swift */; };
		91D120142AEEBED80073810E /* Login.storyboard in Resources */ = {isa = PBXBuildFile; fileRef = 91D120132AEEBED80073810E /* Login.storyboard */; };
		91D1201C2AEEC3000073810E /* Movements.swift in Sources */ = {isa = PBXBuildFile; fileRef = 91D120192AEEC3000073810E /* Movements.swift */; };
		91D1201D2AEEC3000073810E /* Tag.swift in Sources */ = {isa = PBXBuildFile; fileRef = 91D1201A2AEEC3000073810E /* Tag.swift */; };
		91D1201E2AEEC3000073810E /* User.swift in Sources */ = {isa = PBXBuildFile; fileRef = 91D1201B2AEEC3000073810E /* User.swift */; };
		91D120202AEEC32A0073810E /* UsefullFunctions.swift in Sources */ = {isa = PBXBuildFile; fileRef = 91D1201F2AEEC32A0073810E /* UsefullFunctions.swift */; };
		91D120222AEEC33F0073810E /* FirebaseOperations.swift in Sources */ = {isa = PBXBuildFile; fileRef = 91D120212AEEC33F0073810E /* FirebaseOperations.swift */; };
		91D1202A2AEEC9740073810E /* Extensions.swift in Sources */ = {isa = PBXBuildFile; fileRef = 91D120292AEEC9740073810E /* Extensions.swift */; };
		91D1202C2AEECA3F0073810E /* GoogleService-Info.plist in Resources */ = {isa = PBXBuildFile; fileRef = 91D1202B2AEECA3F0073810E /* GoogleService-Info.plist */; };
		91D1202F2AEECAA30073810E /* Assets.xcassets in Resources */ = {isa = PBXBuildFile; fileRef = 91D1202E2AEECAA30073810E /* Assets.xcassets */; };
		A1E04AACCFB7A580629F2E8A /* Pods_SpendR.framework in Frameworks */ = {isa = PBXBuildFile; fileRef = 56347127FDAD87069F3ECEBF /* Pods_SpendR.framework */; };
/* End PBXBuildFile section */

/* Begin PBXFileReference section */
		56347127FDAD87069F3ECEBF /* Pods_SpendR.framework */ = {isa = PBXFileReference; explicitFileType = wrapper.framework; includeInIndex = 0; path = Pods_SpendR.framework; sourceTree = BUILT_PRODUCTS_DIR; };
		788775B47BF83BB04882ABD4 /* Pods-SpendR.debug.xcconfig */ = {isa = PBXFileReference; includeInIndex = 1; lastKnownFileType = text.xcconfig; name = "Pods-SpendR.debug.xcconfig"; path = "Target Support Files/Pods-SpendR/Pods-SpendR.debug.xcconfig"; sourceTree = "<group>"; };
		91D11FF52AEEBBC90073810E /* SpendR.app */ = {isa = PBXFileReference; explicitFileType = wrapper.application; includeInIndex = 0; path = SpendR.app; sourceTree = BUILT_PRODUCTS_DIR; };
		91D11FF82AEEBBC90073810E /* AppDelegate.swift */ = {isa = PBXFileReference; lastKnownFileType = sourcecode.swift; path = AppDelegate.swift; sourceTree = "<group>"; };
		91D11FFA2AEEBBC90073810E /* SceneDelegate.swift */ = {isa = PBXFileReference; lastKnownFileType = sourcecode.swift; path = SceneDelegate.swift; sourceTree = "<group>"; };
		91D120042AEEBBC90073810E /* Base */ = {isa = PBXFileReference; lastKnownFileType = file.storyboard; name = Base; path = Base.lproj/LaunchScreen.storyboard; sourceTree = "<group>"; };
		91D120062AEEBBC90073810E /* Info.plist */ = {isa = PBXFileReference; lastKnownFileType = text.plist.xml; path = Info.plist; sourceTree = "<group>"; };
		91D120112AEEBECA0073810E /* LoginViewController.swift */ = {isa = PBXFileReference; lastKnownFileType = sourcecode.swift; path = LoginViewController.swift; sourceTree = "<group>"; };
		91D120132AEEBED80073810E /* Login.storyboard */ = {isa = PBXFileReference; lastKnownFileType = file.storyboard; path = Login.storyboard; sourceTree = "<group>"; };
		91D120192AEEC3000073810E /* Movements.swift */ = {isa = PBXFileReference; fileEncoding = 4; lastKnownFileType = sourcecode.swift; path = Movements.swift; sourceTree = "<group>"; };
		91D1201A2AEEC3000073810E /* Tag.swift */ = {isa = PBXFileReference; fileEncoding = 4; lastKnownFileType = sourcecode.swift; path = Tag.swift; sourceTree = "<group>"; };
		91D1201B2AEEC3000073810E /* User.swift */ = {isa = PBXFileReference; fileEncoding = 4; lastKnownFileType = sourcecode.swift; path = User.swift; sourceTree = "<group>"; };
		91D1201F2AEEC32A0073810E /* UsefullFunctions.swift */ = {isa = PBXFileReference; fileEncoding = 4; lastKnownFileType = sourcecode.swift; path = UsefullFunctions.swift; sourceTree = "<group>"; };
		91D120212AEEC33F0073810E /* FirebaseOperations.swift */ = {isa = PBXFileReference; lastKnownFileType = sourcecode.swift; path = FirebaseOperations.swift; sourceTree = "<group>"; };
		91D120292AEEC9740073810E /* Extensions.swift */ = {isa = PBXFileReference; lastKnownFileType = sourcecode.swift; path = Extensions.swift; sourceTree = "<group>"; };
		91D1202B2AEECA3F0073810E /* GoogleService-Info.plist */ = {isa = PBXFileReference; fileEncoding = 4; lastKnownFileType = text.plist.xml; path = "GoogleService-Info.plist"; sourceTree = "<group>"; };
		91D1202E2AEECAA30073810E /* Assets.xcassets */ = {isa = PBXFileReference; lastKnownFileType = folder.assetcatalog; name = Assets.xcassets; path = ../Utils/Assets.xcassets; sourceTree = "<group>"; };
		F6153F491354E660035C874E /* Pods-SpendR.release.xcconfig */ = {isa = PBXFileReference; includeInIndex = 1; lastKnownFileType = text.xcconfig; name = "Pods-SpendR.release.xcconfig"; path = "Target Support Files/Pods-SpendR/Pods-SpendR.release.xcconfig"; sourceTree = "<group>"; };
/* End PBXFileReference section */

/* Begin PBXFrameworksBuildPhase section */
		91D11FF22AEEBBC90073810E /* Frameworks */ = {
			isa = PBXFrameworksBuildPhase;
			buildActionMask = 2147483647;
			files = (
				A1E04AACCFB7A580629F2E8A /* Pods_SpendR.framework in Frameworks */,
			);
			runOnlyForDeploymentPostprocessing = 0;
		};
/* End PBXFrameworksBuildPhase section */

/* Begin PBXGroup section */
		91D11FEC2AEEBBC90073810E = {
			isa = PBXGroup;
			children = (
				91D11FF72AEEBBC90073810E /* SpendR */,
				91D11FF62AEEBBC90073810E /* Products */,
				AE281CDD5514A42A0CEBD0F9 /* Pods */,
				E0A12E2B3066A214795DD20E /* Frameworks */,
			);
			sourceTree = "<group>";
		};
		91D11FF62AEEBBC90073810E /* Products */ = {
			isa = PBXGroup;
			children = (
				91D11FF52AEEBBC90073810E /* SpendR.app */,
			);
			name = Products;
			sourceTree = "<group>";
		};
		91D11FF72AEEBBC90073810E /* SpendR */ = {
			isa = PBXGroup;
			children = (
				91D1202D2AEECA600073810E /* AppComponents */,
				91D120152AEEBFFE0073810E /* Models */,
				91D1200D2AEEBC770073810E /* Controllers */,
				91D120062AEEBBC90073810E /* Info.plist */,
				91D1200C2AEEBC6C0073810E /* Views */,
				91D1200E2AEEBC850073810E /* Utils */,
			);
			path = SpendR;
			sourceTree = "<group>";
		};
		91D1200C2AEEBC6C0073810E /* Views */ = {
			isa = PBXGroup;
			children = (
				91D120162AEEC1770073810E /* InitialViews */,
				91D120032AEEBBC90073810E /* LaunchScreen.storyboard */,
			);
			path = Views;
			sourceTree = "<group>";
		};
		91D1200D2AEEBC770073810E /* Controllers */ = {
			isa = PBXGroup;
			children = (
				91D120252AEEC8A60073810E /* InitialViews */,
				91D120262AEEC8CB0073810E /* LoggedInViews */,
			);
			path = Controllers;
			sourceTree = "<group>";
		};
		91D1200E2AEEBC850073810E /* Utils */ = {
			isa = PBXGroup;
			children = (
				91D1201F2AEEC32A0073810E /* UsefullFunctions.swift */,
				91D120212AEEC33F0073810E /* FirebaseOperations.swift */,
				91D120292AEEC9740073810E /* Extensions.swift */,
			);
			path = Utils;
			sourceTree = "<group>";
		};
		91D120152AEEBFFE0073810E /* Models */ = {
			isa = PBXGroup;
			children = (
				91D120192AEEC3000073810E /* Movements.swift */,
				91D1201A2AEEC3000073810E /* Tag.swift */,
				91D1201B2AEEC3000073810E /* User.swift */,
			);
			path = Models;
			sourceTree = "<group>";
		};
		91D120162AEEC1770073810E /* InitialViews */ = {
			isa = PBXGroup;
			children = (
				91D120132AEEBED80073810E /* Login.storyboard */,
			);
			path = InitialViews;
			sourceTree = "<group>";
		};
		91D120252AEEC8A60073810E /* InitialViews */ = {
			isa = PBXGroup;
			children = (
				91D120112AEEBECA0073810E /* LoginViewController.swift */,
			);
			path = InitialViews;
			sourceTree = "<group>";
		};
		91D120262AEEC8CB0073810E /* LoggedInViews */ = {
			isa = PBXGroup;
			children = (
			);
			path = LoggedInViews;
			sourceTree = "<group>";
		};
		91D1202D2AEECA600073810E /* AppComponents */ = {
			isa = PBXGroup;
			children = (
				91D1202B2AEECA3F0073810E /* GoogleService-Info.plist */,
				91D11FF82AEEBBC90073810E /* AppDelegate.swift */,
				91D11FFA2AEEBBC90073810E /* SceneDelegate.swift */,
				91D1202E2AEECAA30073810E /* Assets.xcassets */,
			);
			path = AppComponents;
			sourceTree = "<group>";
		};
		AE281CDD5514A42A0CEBD0F9 /* Pods */ = {
			isa = PBXGroup;
			children = (
				788775B47BF83BB04882ABD4 /* Pods-SpendR.debug.xcconfig */,
				F6153F491354E660035C874E /* Pods-SpendR.release.xcconfig */,
			);
			path = Pods;
			sourceTree = "<group>";
		};
		E0A12E2B3066A214795DD20E /* Frameworks */ = {
			isa = PBXGroup;
			children = (
				56347127FDAD87069F3ECEBF /* Pods_SpendR.framework */,
			);
			name = Frameworks;
			sourceTree = "<group>";
		};
/* End PBXGroup section */

/* Begin PBXNativeTarget section */
		91D11FF42AEEBBC90073810E /* SpendR */ = {
			isa = PBXNativeTarget;
			buildConfigurationList = 91D120092AEEBBC90073810E /* Build configuration list for PBXNativeTarget "SpendR" */;
			buildPhases = (
				321C719BF800C8C74E96C958 /* [CP] Check Pods Manifest.lock */,
				91D11FF12AEEBBC90073810E /* Sources */,
				91D11FF22AEEBBC90073810E /* Frameworks */,
				91D11FF32AEEBBC90073810E /* Resources */,
				D5647AD4AB40AA5D33648A6B /* [CP] Embed Pods Frameworks */,
			);
			buildRules = (
			);
			dependencies = (
			);
			name = SpendR;
			productName = SpendR;
			productReference = 91D11FF52AEEBBC90073810E /* SpendR.app */;
			productType = "com.apple.product-type.application";
		};
/* End PBXNativeTarget section */

/* Begin PBXProject section */
		91D11FED2AEEBBC90073810E /* Project object */ = {
			isa = PBXProject;
			attributes = {
				BuildIndependentTargetsInParallel = 1;
				LastSwiftUpdateCheck = 1500;
				LastUpgradeCheck = 1500;
				TargetAttributes = {
					91D11FF42AEEBBC90073810E = {
						CreatedOnToolsVersion = 15.0.1;
					};
				};
			};
			buildConfigurationList = 91D11FF02AEEBBC90073810E /* Build configuration list for PBXProject "SpendR" */;
			compatibilityVersion = "Xcode 14.0";
			developmentRegion = en;
			hasScannedForEncodings = 0;
			knownRegions = (
				en,
				Base,
			);
			mainGroup = 91D11FEC2AEEBBC90073810E;
			productRefGroup = 91D11FF62AEEBBC90073810E /* Products */;
			projectDirPath = "";
			projectRoot = "";
			targets = (
				91D11FF42AEEBBC90073810E /* SpendR */,
			);
		};
/* End PBXProject section */

/* Begin PBXResourcesBuildPhase section */
		91D11FF32AEEBBC90073810E /* Resources */ = {
			isa = PBXResourcesBuildPhase;
			buildActionMask = 2147483647;
			files = (
				91D120142AEEBED80073810E /* Login.storyboard in Resources */,
				91D1202C2AEECA3F0073810E /* GoogleService-Info.plist in Resources */,
				91D1202F2AEECAA30073810E /* Assets.xcassets in Resources */,
				91D120052AEEBBC90073810E /* LaunchScreen.storyboard in Resources */,
			);
			runOnlyForDeploymentPostprocessing = 0;
		};
/* End PBXResourcesBuildPhase section */

/* Begin PBXShellScriptBuildPhase section */
		321C719BF800C8C74E96C958 /* [CP] Check Pods Manifest.lock */ = {
			isa = PBXShellScriptBuildPhase;
			buildActionMask = 2147483647;
			files = (
			);
			inputFileListPaths = (
			);
			inputPaths = (
				"${PODS_PODFILE_DIR_PATH}/Podfile.lock",
				"${PODS_ROOT}/Manifest.lock",
			);
			name = "[CP] Check Pods Manifest.lock";
			outputFileListPaths = (
			);
			outputPaths = (
				"$(DERIVED_FILE_DIR)/Pods-SpendR-checkManifestLockResult.txt",
			);
			runOnlyForDeploymentPostprocessing = 0;
			shellPath = /bin/sh;
			shellScript = "diff \"${PODS_PODFILE_DIR_PATH}/Podfile.lock\" \"${PODS_ROOT}/Manifest.lock\" > /dev/null\nif [ $? != 0 ] ; then\n    # print error to STDERR\n    echo \"error: The sandbox is not in sync with the Podfile.lock. Run 'pod install' or update your CocoaPods installation.\" >&2\n    exit 1\nfi\n# This output is used by Xcode 'outputs' to avoid re-running this script phase.\necho \"SUCCESS\" > \"${SCRIPT_OUTPUT_FILE_0}\"\n";
			showEnvVarsInLog = 0;
		};
		D5647AD4AB40AA5D33648A6B /* [CP] Embed Pods Frameworks */ = {
			isa = PBXShellScriptBuildPhase;
			buildActionMask = 2147483647;
			files = (
			);
			inputFileListPaths = (
				"${PODS_ROOT}/Target Support Files/Pods-SpendR/Pods-SpendR-frameworks-${CONFIGURATION}-input-files.xcfilelist",
			);
			name = "[CP] Embed Pods Frameworks";
			outputFileListPaths = (
				"${PODS_ROOT}/Target Support Files/Pods-SpendR/Pods-SpendR-frameworks-${CONFIGURATION}-output-files.xcfilelist",
			);
			runOnlyForDeploymentPostprocessing = 0;
			shellPath = /bin/sh;
			shellScript = "\"${PODS_ROOT}/Target Support Files/Pods-SpendR/Pods-SpendR-frameworks.sh\"\n";
			showEnvVarsInLog = 0;
		};
/* End PBXShellScriptBuildPhase section */

/* Begin PBXSourcesBuildPhase section */
		91D11FF12AEEBBC90073810E /* Sources */ = {
			isa = PBXSourcesBuildPhase;
			buildActionMask = 2147483647;
			files = (
				91D120222AEEC33F0073810E /* FirebaseOperations.swift in Sources */,
				91D1201D2AEEC3000073810E /* Tag.swift in Sources */,
				91D120122AEEBECA0073810E /* LoginViewController.swift in Sources */,
				91D1201C2AEEC3000073810E /* Movements.swift in Sources */,
				91D11FF92AEEBBC90073810E /* AppDelegate.swift in Sources */,
				91D120202AEEC32A0073810E /* UsefullFunctions.swift in Sources */,
				91D11FFB2AEEBBC90073810E /* SceneDelegate.swift in Sources */,
				91D1202A2AEEC9740073810E /* Extensions.swift in Sources */,
				91D1201E2AEEC3000073810E /* User.swift in Sources */,
			);
			runOnlyForDeploymentPostprocessing = 0;
		};
/* End PBXSourcesBuildPhase section */

/* Begin PBXVariantGroup section */
		91D120032AEEBBC90073810E /* LaunchScreen.storyboard */ = {
			isa = PBXVariantGroup;
			children = (
				91D120042AEEBBC90073810E /* Base */,
			);
			name = LaunchScreen.storyboard;
			sourceTree = "<group>";
		};
/* End PBXVariantGroup section */

/* Begin XCBuildConfiguration section */
		91D120072AEEBBC90073810E /* Debug */ = {
			isa = XCBuildConfiguration;
			buildSettings = {
				ALWAYS_SEARCH_USER_PATHS = NO;
				ASSETCATALOG_COMPILER_GENERATE_SWIFT_ASSET_SYMBOL_EXTENSIONS = YES;
				CLANG_ANALYZER_NONNULL = YES;
				CLANG_ANALYZER_NUMBER_OBJECT_CONVERSION = YES_AGGRESSIVE;
				CLANG_CXX_LANGUAGE_STANDARD = "gnu++20";
				CLANG_ENABLE_MODULES = YES;
				CLANG_ENABLE_OBJC_ARC = YES;
				CLANG_ENABLE_OBJC_WEAK = YES;
				CLANG_WARN_BLOCK_CAPTURE_AUTORELEASING = YES;
				CLANG_WARN_BOOL_CONVERSION = YES;
				CLANG_WARN_COMMA = YES;
				CLANG_WARN_CONSTANT_CONVERSION = YES;
				CLANG_WARN_DEPRECATED_OBJC_IMPLEMENTATIONS = YES;
				CLANG_WARN_DIRECT_OBJC_ISA_USAGE = YES_ERROR;
				CLANG_WARN_DOCUMENTATION_COMMENTS = YES;
				CLANG_WARN_EMPTY_BODY = YES;
				CLANG_WARN_ENUM_CONVERSION = YES;
				CLANG_WARN_INFINITE_RECURSION = YES;
				CLANG_WARN_INT_CONVERSION = YES;
				CLANG_WARN_NON_LITERAL_NULL_CONVERSION = YES;
				CLANG_WARN_OBJC_IMPLICIT_RETAIN_SELF = YES;
				CLANG_WARN_OBJC_LITERAL_CONVERSION = YES;
				CLANG_WARN_OBJC_ROOT_CLASS = YES_ERROR;
				CLANG_WARN_QUOTED_INCLUDE_IN_FRAMEWORK_HEADER = YES;
				CLANG_WARN_RANGE_LOOP_ANALYSIS = YES;
				CLANG_WARN_STRICT_PROTOTYPES = YES;
				CLANG_WARN_SUSPICIOUS_MOVE = YES;
				CLANG_WARN_UNGUARDED_AVAILABILITY = YES_AGGRESSIVE;
				CLANG_WARN_UNREACHABLE_CODE = YES;
				CLANG_WARN__DUPLICATE_METHOD_MATCH = YES;
				COPY_PHASE_STRIP = NO;
				DEBUG_INFORMATION_FORMAT = dwarf;
				ENABLE_STRICT_OBJC_MSGSEND = YES;
				ENABLE_TESTABILITY = YES;
				ENABLE_USER_SCRIPT_SANDBOXING = YES;
				GCC_C_LANGUAGE_STANDARD = gnu17;
				GCC_DYNAMIC_NO_PIC = NO;
				GCC_NO_COMMON_BLOCKS = YES;
				GCC_OPTIMIZATION_LEVEL = 0;
				GCC_PREPROCESSOR_DEFINITIONS = (
					"DEBUG=1",
					"$(inherited)",
				);
				GCC_WARN_64_TO_32_BIT_CONVERSION = YES;
				GCC_WARN_ABOUT_RETURN_TYPE = YES_ERROR;
				GCC_WARN_UNDECLARED_SELECTOR = YES;
				GCC_WARN_UNINITIALIZED_AUTOS = YES_AGGRESSIVE;
				GCC_WARN_UNUSED_FUNCTION = YES;
				GCC_WARN_UNUSED_VARIABLE = YES;
				IPHONEOS_DEPLOYMENT_TARGET = 17.0;
				LOCALIZATION_PREFERS_STRING_CATALOGS = YES;
				MTL_ENABLE_DEBUG_INFO = INCLUDE_SOURCE;
				MTL_FAST_MATH = YES;
				ONLY_ACTIVE_ARCH = YES;
				SDKROOT = iphoneos;
				SWIFT_ACTIVE_COMPILATION_CONDITIONS = "DEBUG $(inherited)";
				SWIFT_OPTIMIZATION_LEVEL = "-Onone";
			};
			name = Debug;
		};
		91D120082AEEBBC90073810E /* Release */ = {
			isa = XCBuildConfiguration;
			buildSettings = {
				ALWAYS_SEARCH_USER_PATHS = NO;
				ASSETCATALOG_COMPILER_GENERATE_SWIFT_ASSET_SYMBOL_EXTENSIONS = YES;
				CLANG_ANALYZER_NONNULL = YES;
				CLANG_ANALYZER_NUMBER_OBJECT_CONVERSION = YES_AGGRESSIVE;
				CLANG_CXX_LANGUAGE_STANDARD = "gnu++20";
				CLANG_ENABLE_MODULES = YES;
				CLANG_ENABLE_OBJC_ARC = YES;
				CLANG_ENABLE_OBJC_WEAK = YES;
				CLANG_WARN_BLOCK_CAPTURE_AUTORELEASING = YES;
				CLANG_WARN_BOOL_CONVERSION = YES;
				CLANG_WARN_COMMA = YES;
				CLANG_WARN_CONSTANT_CONVERSION = YES;
				CLANG_WARN_DEPRECATED_OBJC_IMPLEMENTATIONS = YES;
				CLANG_WARN_DIRECT_OBJC_ISA_USAGE = YES_ERROR;
				CLANG_WARN_DOCUMENTATION_COMMENTS = YES;
				CLANG_WARN_EMPTY_BODY = YES;
				CLANG_WARN_ENUM_CONVERSION = YES;
				CLANG_WARN_INFINITE_RECURSION = YES;
				CLANG_WARN_INT_CONVERSION = YES;
				CLANG_WARN_NON_LITERAL_NULL_CONVERSION = YES;
				CLANG_WARN_OBJC_IMPLICIT_RETAIN_SELF = YES;
				CLANG_WARN_OBJC_LITERAL_CONVERSION = YES;
				CLANG_WARN_OBJC_ROOT_CLASS = YES_ERROR;
				CLANG_WARN_QUOTED_INCLUDE_IN_FRAMEWORK_HEADER = YES;
				CLANG_WARN_RANGE_LOOP_ANALYSIS = YES;
				CLANG_WARN_STRICT_PROTOTYPES = YES;
				CLANG_WARN_SUSPICIOUS_MOVE = YES;
				CLANG_WARN_UNGUARDED_AVAILABILITY = YES_AGGRESSIVE;
				CLANG_WARN_UNREACHABLE_CODE = YES;
				CLANG_WARN__DUPLICATE_METHOD_MATCH = YES;
				COPY_PHASE_STRIP = NO;
				DEBUG_INFORMATION_FORMAT = "dwarf-with-dsym";
				ENABLE_NS_ASSERTIONS = NO;
				ENABLE_STRICT_OBJC_MSGSEND = YES;
				ENABLE_USER_SCRIPT_SANDBOXING = YES;
				GCC_C_LANGUAGE_STANDARD = gnu17;
				GCC_NO_COMMON_BLOCKS = YES;
				GCC_WARN_64_TO_32_BIT_CONVERSION = YES;
				GCC_WARN_ABOUT_RETURN_TYPE = YES_ERROR;
				GCC_WARN_UNDECLARED_SELECTOR = YES;
				GCC_WARN_UNINITIALIZED_AUTOS = YES_AGGRESSIVE;
				GCC_WARN_UNUSED_FUNCTION = YES;
				GCC_WARN_UNUSED_VARIABLE = YES;
				IPHONEOS_DEPLOYMENT_TARGET = 17.0;
				LOCALIZATION_PREFERS_STRING_CATALOGS = YES;
				MTL_ENABLE_DEBUG_INFO = NO;
				MTL_FAST_MATH = YES;
				SDKROOT = iphoneos;
				SWIFT_COMPILATION_MODE = wholemodule;
				VALIDATE_PRODUCT = YES;
			};
			name = Release;
		};
		91D1200A2AEEBBC90073810E /* Debug */ = {
			isa = XCBuildConfiguration;
			baseConfigurationReference = 788775B47BF83BB04882ABD4 /* Pods-SpendR.debug.xcconfig */;
			buildSettings = {
				ASSETCATALOG_COMPILER_APPICON_NAME = AppIcon;
				ASSETCATALOG_COMPILER_GLOBAL_ACCENT_COLOR_NAME = AccentColor;
				CODE_SIGN_STYLE = Automatic;
				CURRENT_PROJECT_VERSION = 1;
				ENABLE_USER_SCRIPT_SANDBOXING = NO;
				GENERATE_INFOPLIST_FILE = YES;
				INFOPLIST_FILE = SpendR/Info.plist;
				INFOPLIST_KEY_UIApplicationSupportsIndirectInputEvents = YES;
				INFOPLIST_KEY_UILaunchStoryboardName = LaunchScreen;
				INFOPLIST_KEY_UIMainStoryboardFile = Login;
				INFOPLIST_KEY_UISupportedInterfaceOrientations_iPad = "UIInterfaceOrientationPortrait UIInterfaceOrientationPortraitUpsideDown UIInterfaceOrientationLandscapeLeft UIInterfaceOrientationLandscapeRight";
				INFOPLIST_KEY_UISupportedInterfaceOrientations_iPhone = "UIInterfaceOrientationPortrait UIInterfaceOrientationLandscapeLeft UIInterfaceOrientationLandscapeRight";
				LD_RUNPATH_SEARCH_PATHS = (
					"$(inherited)",
					"@executable_path/Frameworks",
				);
				MARKETING_VERSION = 1.0;
				PRODUCT_BUNDLE_IDENTIFIER = "Jose--Luis-Corral.SpendR";
				PRODUCT_NAME = "$(TARGET_NAME)";
				SWIFT_EMIT_LOC_STRINGS = YES;
				SWIFT_VERSION = 5.0;
				TARGETED_DEVICE_FAMILY = "1,2";
			};
			name = Debug;
		};
		91D1200B2AEEBBC90073810E /* Release */ = {
			isa = XCBuildConfiguration;
			baseConfigurationReference = F6153F491354E660035C874E /* Pods-SpendR.release.xcconfig */;
			buildSettings = {
				ASSETCATALOG_COMPILER_APPICON_NAME = AppIcon;
				ASSETCATALOG_COMPILER_GLOBAL_ACCENT_COLOR_NAME = AccentColor;
				CODE_SIGN_STYLE = Automatic;
				CURRENT_PROJECT_VERSION = 1;
				ENABLE_USER_SCRIPT_SANDBOXING = NO;
				GENERATE_INFOPLIST_FILE = YES;
				INFOPLIST_FILE = SpendR/Info.plist;
				INFOPLIST_KEY_UIApplicationSupportsIndirectInputEvents = YES;
				INFOPLIST_KEY_UILaunchStoryboardName = LaunchScreen;
				INFOPLIST_KEY_UIMainStoryboardFile = Login;
				INFOPLIST_KEY_UISupportedInterfaceOrientations_iPad = "UIInterfaceOrientationPortrait UIInterfaceOrientationPortraitUpsideDown UIInterfaceOrientationLandscapeLeft UIInterfaceOrientationLandscapeRight";
				INFOPLIST_KEY_UISupportedInterfaceOrientations_iPhone = "UIInterfaceOrientationPortrait UIInterfaceOrientationLandscapeLeft UIInterfaceOrientationLandscapeRight";
				LD_RUNPATH_SEARCH_PATHS = (
					"$(inherited)",
					"@executable_path/Frameworks",
				);
				MARKETING_VERSION = 1.0;
				PRODUCT_BUNDLE_IDENTIFIER = "Jose--Luis-Corral.SpendR";
				PRODUCT_NAME = "$(TARGET_NAME)";
				SWIFT_EMIT_LOC_STRINGS = YES;
				SWIFT_VERSION = 5.0;
				TARGETED_DEVICE_FAMILY = "1,2";
			};
			name = Release;
		};
/* End XCBuildConfiguration section */

/* Begin XCConfigurationList section */
		91D11FF02AEEBBC90073810E /* Build configuration list for PBXProject "SpendR" */ = {
			isa = XCConfigurationList;
			buildConfigurations = (
				91D120072AEEBBC90073810E /* Debug */,
				91D120082AEEBBC90073810E /* Release */,
			);
			defaultConfigurationIsVisible = 0;
			defaultConfigurationName = Release;
		};
		91D120092AEEBBC90073810E /* Build configuration list for PBXNativeTarget "SpendR" */ = {
			isa = XCConfigurationList;
			buildConfigurations = (
				91D1200A2AEEBBC90073810E /* Debug */,
				91D1200B2AEEBBC90073810E /* Release */,
			);
			defaultConfigurationIsVisible = 0;
			defaultConfigurationName = Release;
		};
/* End XCConfigurationList section */
	};
	rootObject = 91D11FED2AEEBBC90073810E /* Project object */;
}
